// !$*UTF8*$!
{
	archiveVersion = 1;
	classes = {
	};
	objectVersion = 77;
	objects = {

/* Begin PBXContainerItemProxy section */
		16A742712DEFBD0D00229A92 /* PBXContainerItemProxy */ = {
			isa = PBXContainerItemProxy;
			containerPortal = 16A7424F2DEFBD0C00229A92 /* Project object */;
			proxyType = 1;
			remoteGlobalIDString = 16A742562DEFBD0C00229A92;
			remoteInfo = "Pocket Golf";
		};
		16A7427B2DEFBD0D00229A92 /* PBXContainerItemProxy */ = {
			isa = PBXContainerItemProxy;
			containerPortal = 16A7424F2DEFBD0C00229A92 /* Project object */;
			proxyType = 1;
			remoteGlobalIDString = 16A742562DEFBD0C00229A92;
			remoteInfo = "Pocket Golf";
		};
/* End PBXContainerItemProxy section */

/* Begin PBXFileReference section */
		16A742572DEFBD0C00229A92 /* Pocket Golf.app */ = {isa = PBXFileReference; explicitFileType = wrapper.application; includeInIndex = 0; path = "Pocket Golf.app"; sourceTree = BUILT_PRODUCTS_DIR; };
		16A742702DEFBD0D00229A92 /* Pocket GolfTests.xctest */ = {isa = PBXFileReference; explicitFileType = wrapper.cfbundle; includeInIndex = 0; path = "Pocket GolfTests.xctest"; sourceTree = BUILT_PRODUCTS_DIR; };
		16A7427A2DEFBD0D00229A92 /* Pocket GolfUITests.xctest */ = {isa = PBXFileReference; explicitFileType = wrapper.cfbundle; includeInIndex = 0; path = "Pocket GolfUITests.xctest"; sourceTree = BUILT_PRODUCTS_DIR; };
/* End PBXFileReference section */

/* Begin PBXFileSystemSynchronizedRootGroup section */
		16A742592DEFBD0C00229A92 /* Pocket Golf */ = {
			isa = PBXFileSystemSynchronizedRootGroup;
			path = "Pocket Golf";
			sourceTree = "<group>";
		};
		16A742732DEFBD0D00229A92 /* Pocket GolfTests */ = {
			isa = PBXFileSystemSynchronizedRootGroup;
			path = "Pocket GolfTests";
			sourceTree = "<group>";
		};
		16A7427D2DEFBD0D00229A92 /* Pocket GolfUITests */ = {
			isa = PBXFileSystemSynchronizedRootGroup;
			path = "Pocket GolfUITests";
			sourceTree = "<group>";
		};
/* End PBXFileSystemSynchronizedRootGroup section */

/* Begin PBXFrameworksBuildPhase section */
		16A742542DEFBD0C00229A92 /* Frameworks */ = {
			isa = PBXFrameworksBuildPhase;
			buildActionMask = 2147483647;
			files = (
			);
			runOnlyForDeploymentPostprocessing = 0;
		};
		16A7426D2DEFBD0D00229A92 /* Frameworks */ = {
			isa = PBXFrameworksBuildPhase;
			buildActionMask = 2147483647;
			files = (
			);
			runOnlyForDeploymentPostprocessing = 0;
		};
		16A742772DEFBD0D00229A92 /* Frameworks */ = {
			isa = PBXFrameworksBuildPhase;
			buildActionMask = 2147483647;
			files = (
			);
			runOnlyForDeploymentPostprocessing = 0;
		};
/* End PBXFrameworksBuildPhase section */

/* Begin PBXGroup section */
		16A7424E2DEFBD0C00229A92 = {
			isa = PBXGroup;
			children = (
				16A742592DEFBD0C00229A92 /* Pocket Golf */,
				16A742732DEFBD0D00229A92 /* Pocket GolfTests */,
				16A7427D2DEFBD0D00229A92 /* Pocket GolfUITests */,
				16A742582DEFBD0C00229A92 /* Products */,
			);
			sourceTree = "<group>";
		};
		16A742582DEFBD0C00229A92 /* Products */ = {
			isa = PBXGroup;
			children = (
				16A742572DEFBD0C00229A92 /* Pocket Golf.app */,
				16A742702DEFBD0D00229A92 /* Pocket GolfTests.xctest */,
				16A7427A2DEFBD0D00229A92 /* Pocket GolfUITests.xctest */,
			);
			name = Products;
			sourceTree = "<group>";
		};
/* End PBXGroup section */

/* Begin PBXNativeTarget section */
		16A742562DEFBD0C00229A92 /* Pocket Golf */ = {
			isa = PBXNativeTarget;
			buildConfigurationList = 16A742842DEFBD0D00229A92 /* Build configuration list for PBXNativeTarget "Pocket Golf" */;
			buildPhases = (
				16A742532DEFBD0C00229A92 /* Sources */,
				16A742542DEFBD0C00229A92 /* Frameworks */,
				16A742552DEFBD0C00229A92 /* Resources */,
			);
			buildRules = (
			);
			dependencies = (
			);
			fileSystemSynchronizedGroups = (
				16A742592DEFBD0C00229A92 /* Pocket Golf */,
			);
			name = "Pocket Golf";
			packageProductDependencies = (
			);
			productName = "Pocket Golf";
			productReference = 16A742572DEFBD0C00229A92 /* Pocket Golf.app */;
			productType = "com.apple.product-type.application";
		};
		16A7426F2DEFBD0D00229A92 /* Pocket GolfTests */ = {
			isa = PBXNativeTarget;
			buildConfigurationList = 16A742872DEFBD0D00229A92 /* Build configuration list for PBXNativeTarget "Pocket GolfTests" */;
			buildPhases = (
				16A7426C2DEFBD0D00229A92 /* Sources */,
				16A7426D2DEFBD0D00229A92 /* Frameworks */,
				16A7426E2DEFBD0D00229A92 /* Resources */,
			);
			buildRules = (
			);
			dependencies = (
				16A742722DEFBD0D00229A92 /* PBXTargetDependency */,
			);
			fileSystemSynchronizedGroups = (
				16A742732DEFBD0D00229A92 /* Pocket GolfTests */,
			);
			name = "Pocket GolfTests";
			packageProductDependencies = (
			);
			productName = "Pocket GolfTests";
			productReference = 16A742702DEFBD0D00229A92 /* Pocket GolfTests.xctest */;
			productType = "com.apple.product-type.bundle.unit-test";
		};
		16A742792DEFBD0D00229A92 /* Pocket GolfUITests */ = {
			isa = PBXNativeTarget;
			buildConfigurationList = 16A7428A2DEFBD0D00229A92 /* Build configuration list for PBXNativeTarget "Pocket GolfUITests" */;
			buildPhases = (
				16A742762DEFBD0D00229A92 /* Sources */,
				16A742772DEFBD0D00229A92 /* Frameworks */,
				16A742782DEFBD0D00229A92 /* Resources */,
			);
			buildRules = (
			);
			dependencies = (
				16A7427C2DEFBD0D00229A92 /* PBXTargetDependency */,
			);
			fileSystemSynchronizedGroups = (
				16A7427D2DEFBD0D00229A92 /* Pocket GolfUITests */,
			);
			name = "Pocket GolfUITests";
			packageProductDependencies = (
			);
			productName = "Pocket GolfUITests";
			productReference = 16A7427A2DEFBD0D00229A92 /* Pocket GolfUITests.xctest */;
			productType = "com.apple.product-type.bundle.ui-testing";
		};
/* End PBXNativeTarget section */

/* Begin PBXProject section */
		16A7424F2DEFBD0C00229A92 /* Project object */ = {
			isa = PBXProject;
			attributes = {
				BuildIndependentTargetsInParallel = 1;
				LastSwiftUpdateCheck = 1640;
				LastUpgradeCheck = 1640;
				TargetAttributes = {
					16A742562DEFBD0C00229A92 = {
						CreatedOnToolsVersion = 16.4;
					};
					16A7426F2DEFBD0D00229A92 = {
						CreatedOnToolsVersion = 16.4;
						TestTargetID = 16A742562DEFBD0C00229A92;
					};
					16A742792DEFBD0D00229A92 = {
						CreatedOnToolsVersion = 16.4;
						TestTargetID = 16A742562DEFBD0C00229A92;
					};
				};
			};
			buildConfigurationList = 16A742522DEFBD0C00229A92 /* Build configuration list for PBXProject "Pocket Golf" */;
			developmentRegion = en;
			hasScannedForEncodings = 0;
			knownRegions = (
				en,
				Base,
			);
			mainGroup = 16A7424E2DEFBD0C00229A92;
			minimizedProjectReferenceProxies = 1;
			preferredProjectObjectVersion = 77;
			productRefGroup = 16A742582DEFBD0C00229A92 /* Products */;
			projectDirPath = "";
			projectRoot = "";
			targets = (
				16A742562DEFBD0C00229A92 /* Pocket Golf */,
				16A7426F2DEFBD0D00229A92 /* Pocket GolfTests */,
				16A742792DEFBD0D00229A92 /* Pocket GolfUITests */,
			);
		};
/* End PBXProject section */

/* Begin PBXResourcesBuildPhase section */
		16A742552DEFBD0C00229A92 /* Resources */ = {
			isa = PBXResourcesBuildPhase;
			buildActionMask = 2147483647;
			files = (
			);
			runOnlyForDeploymentPostprocessing = 0;
		};
		16A7426E2DEFBD0D00229A92 /* Resources */ = {
			isa = PBXResourcesBuildPhase;
			buildActionMask = 2147483647;
			files = (
			);
			runOnlyForDeploymentPostprocessing = 0;
		};
		16A742782DEFBD0D00229A92 /* Resources */ = {
			isa = PBXResourcesBuildPhase;
			buildActionMask = 2147483647;
			files = (
			);
			runOnlyForDeploymentPostprocessing = 0;
		};
/* End PBXResourcesBuildPhase section */

/* Begin PBXSourcesBuildPhase section */
		16A742532DEFBD0C00229A92 /* Sources */ = {
			isa = PBXSourcesBuildPhase;
			buildActionMask = 2147483647;
			files = (
			);
			runOnlyForDeploymentPostprocessing = 0;
		};
		16A7426C2DEFBD0D00229A92 /* Sources */ = {
			isa = PBXSourcesBuildPhase;
			buildActionMask = 2147483647;
			files = (
			);
			runOnlyForDeploymentPostprocessing = 0;
		};
		16A742762DEFBD0D00229A92 /* Sources */ = {
			isa = PBXSourcesBuildPhase;
			buildActionMask = 2147483647;
			files = (
			);
			runOnlyForDeploymentPostprocessing = 0;
		};
/* End PBXSourcesBuildPhase section */

/* Begin PBXTargetDependency section */
		16A742722DEFBD0D00229A92 /* PBXTargetDependency */ = {
			isa = PBXTargetDependency;
			target = 16A742562DEFBD0C00229A92 /* Pocket Golf */;
			targetProxy = 16A742712DEFBD0D00229A92 /* PBXContainerItemProxy */;
		};
		16A7427C2DEFBD0D00229A92 /* PBXTargetDependency */ = {
			isa = PBXTargetDependency;
			target = 16A742562DEFBD0C00229A92 /* Pocket Golf */;
			targetProxy = 16A7427B2DEFBD0D00229A92 /* PBXContainerItemProxy */;
		};
/* End PBXTargetDependency section */

/* Begin XCBuildConfiguration section */
		16A742822DEFBD0D00229A92 /* Debug */ = {
			isa = XCBuildConfiguration;
			buildSettings = {
				ALWAYS_SEARCH_USER_PATHS = NO;
				ASSETCATALOG_COMPILER_GENERATE_SWIFT_ASSET_SYMBOL_EXTENSIONS = YES;
				CLANG_ANALYZER_NONNULL = YES;
				CLANG_ANALYZER_NUMBER_OBJECT_CONVERSION = YES_AGGRESSIVE;
				CLANG_CXX_LANGUAGE_STANDARD = "gnu++20";
				CLANG_ENABLE_MODULES = YES;
				CLANG_ENABLE_OBJC_ARC = YES;
				CLANG_ENABLE_OBJC_WEAK = YES;
				CLANG_WARN_BLOCK_CAPTURE_AUTORELEASING = YES;
				CLANG_WARN_BOOL_CONVERSION = YES;
				CLANG_WARN_COMMA = YES;
				CLANG_WARN_CONSTANT_CONVERSION = YES;
				CLANG_WARN_DEPRECATED_OBJC_IMPLEMENTATIONS = YES;
				CLANG_WARN_DIRECT_OBJC_ISA_USAGE = YES_ERROR;
				CLANG_WARN_DOCUMENTATION_COMMENTS = YES;
				CLANG_WARN_EMPTY_BODY = YES;
				CLANG_WARN_ENUM_CONVERSION = YES;
				CLANG_WARN_INFINITE_RECURSION = YES;
				CLANG_WARN_INT_CONVERSION = YES;
				CLANG_WARN_NON_LITERAL_NULL_CONVERSION = YES;
				CLANG_WARN_OBJC_IMPLICIT_RETAIN_SELF = YES;
				CLANG_WARN_OBJC_LITERAL_CONVERSION = YES;
				CLANG_WARN_OBJC_ROOT_CLASS = YES_ERROR;
				CLANG_WARN_QUOTED_INCLUDE_IN_FRAMEWORK_HEADER = YES;
				CLANG_WARN_RANGE_LOOP_ANALYSIS = YES;
				CLANG_WARN_STRICT_PROTOTYPES = YES;
				CLANG_WARN_SUSPICIOUS_MOVE = YES;
				CLANG_WARN_UNGUARDED_AVAILABILITY = YES_AGGRESSIVE;
				CLANG_WARN_UNREACHABLE_CODE = YES;
				CLANG_WARN__DUPLICATE_METHOD_MATCH = YES;
				COPY_PHASE_STRIP = NO;
				DEBUG_INFORMATION_FORMAT = dwarf;
				DEVELOPMENT_TEAM = YMUJPK57A8;
				ENABLE_STRICT_OBJC_MSGSEND = YES;
				ENABLE_TESTABILITY = YES;
				ENABLE_USER_SCRIPT_SANDBOXING = YES;
				GCC_C_LANGUAGE_STANDARD = gnu17;
				GCC_DYNAMIC_NO_PIC = NO;
				GCC_NO_COMMON_BLOCKS = YES;
				GCC_OPTIMIZATION_LEVEL = 0;
				GCC_PREPROCESSOR_DEFINITIONS = (
					"DEBUG=1",
					"$(inherited)",
				);
				GCC_WARN_64_TO_32_BIT_CONVERSION = YES;
				GCC_WARN_ABOUT_RETURN_TYPE = YES_ERROR;
				GCC_WARN_UNDECLARED_SELECTOR = YES;
				GCC_WARN_UNINITIALIZED_AUTOS = YES_AGGRESSIVE;
				GCC_WARN_UNUSED_FUNCTION = YES;
				GCC_WARN_UNUSED_VARIABLE = YES;
				IPHONEOS_DEPLOYMENT_TARGET = 18.5;
				LOCALIZATION_PREFERS_STRING_CATALOGS = YES;
				MTL_ENABLE_DEBUG_INFO = INCLUDE_SOURCE;
				MTL_FAST_MATH = YES;
				ONLY_ACTIVE_ARCH = YES;
				SDKROOT = iphoneos;
				SWIFT_ACTIVE_COMPILATION_CONDITIONS = "DEBUG $(inherited)";
				SWIFT_OPTIMIZATION_LEVEL = "-Onone";
			};
			name = Debug;
		};
		16A742832DEFBD0D00229A92 /* Release */ = {
			isa = XCBuildConfiguration;
			buildSettings = {
				ALWAYS_SEARCH_USER_PATHS = NO;
				ASSETCATALOG_COMPILER_GENERATE_SWIFT_ASSET_SYMBOL_EXTENSIONS = YES;
				CLANG_ANALYZER_NONNULL = YES;
				CLANG_ANALYZER_NUMBER_OBJECT_CONVERSION = YES_AGGRESSIVE;
				CLANG_CXX_LANGUAGE_STANDARD = "gnu++20";
				CLANG_ENABLE_MODULES = YES;
				CLANG_ENABLE_OBJC_ARC = YES;
				CLANG_ENABLE_OBJC_WEAK = YES;
				CLANG_WARN_BLOCK_CAPTURE_AUTORELEASING = YES;
				CLANG_WARN_BOOL_CONVERSION = YES;
				CLANG_WARN_COMMA = YES;
				CLANG_WARN_CONSTANT_CONVERSION = YES;
				CLANG_WARN_DEPRECATED_OBJC_IMPLEMENTATIONS = YES;
				CLANG_WARN_DIRECT_OBJC_ISA_USAGE = YES_ERROR;
				CLANG_WARN_DOCUMENTATION_COMMENTS = YES;
				CLANG_WARN_EMPTY_BODY = YES;
				CLANG_WARN_ENUM_CONVERSION = YES;
				CLANG_WARN_INFINITE_RECURSION = YES;
				CLANG_WARN_INT_CONVERSION = YES;
				CLANG_WARN_NON_LITERAL_NULL_CONVERSION = YES;
				CLANG_WARN_OBJC_IMPLICIT_RETAIN_SELF = YES;
				CLANG_WARN_OBJC_LITERAL_CONVERSION = YES;
				CLANG_WARN_OBJC_ROOT_CLASS = YES_ERROR;
				CLANG_WARN_QUOTED_INCLUDE_IN_FRAMEWORK_HEADER = YES;
				CLANG_WARN_RANGE_LOOP_ANALYSIS = YES;
				CLANG_WARN_STRICT_PROTOTYPES = YES;
				CLANG_WARN_SUSPICIOUS_MOVE = YES;
				CLANG_WARN_UNGUARDED_AVAILABILITY = YES_AGGRESSIVE;
				CLANG_WARN_UNREACHABLE_CODE = YES;
				CLANG_WARN__DUPLICATE_METHOD_MATCH = YES;
				COPY_PHASE_STRIP = NO;
				DEBUG_INFORMATION_FORMAT = "dwarf-with-dsym";
				DEVELOPMENT_TEAM = YMUJPK57A8;
				ENABLE_NS_ASSERTIONS = NO;
				ENABLE_STRICT_OBJC_MSGSEND = YES;
				ENABLE_USER_SCRIPT_SANDBOXING = YES;
				GCC_C_LANGUAGE_STANDARD = gnu17;
				GCC_NO_COMMON_BLOCKS = YES;
				GCC_WARN_64_TO_32_BIT_CONVERSION = YES;
				GCC_WARN_ABOUT_RETURN_TYPE = YES_ERROR;
				GCC_WARN_UNDECLARED_SELECTOR = YES;
				GCC_WARN_UNINITIALIZED_AUTOS = YES_AGGRESSIVE;
				GCC_WARN_UNUSED_FUNCTION = YES;
				GCC_WARN_UNUSED_VARIABLE = YES;
				IPHONEOS_DEPLOYMENT_TARGET = 18.5;
				LOCALIZATION_PREFERS_STRING_CATALOGS = YES;
				MTL_ENABLE_DEBUG_INFO = NO;
				MTL_FAST_MATH = YES;
				SDKROOT = iphoneos;
				SWIFT_COMPILATION_MODE = wholemodule;
				VALIDATE_PRODUCT = YES;
			};
			name = Release;
		};
		16A742852DEFBD0D00229A92 /* Debug */ = {
			isa = XCBuildConfiguration;
			buildSettings = {
				ASSETCATALOG_COMPILER_APPICON_NAME = AppIcon;
				ASSETCATALOG_COMPILER_GLOBAL_ACCENT_COLOR_NAME = AccentColor;
				CODE_SIGN_STYLE = Automatic;
				CURRENT_PROJECT_VERSION = 1;
				DEVELOPMENT_TEAM = YMUJPK57A8;
				GENERATE_INFOPLIST_FILE = YES;
				INFOPLIST_KEY_UIApplicationSupportsIndirectInputEvents = YES;
				INFOPLIST_KEY_UILaunchStoryboardName = LaunchScreen;
				INFOPLIST_KEY_UIMainStoryboardFile = Main;
				INFOPLIST_KEY_UIStatusBarHidden = YES;
				INFOPLIST_KEY_UISupportedInterfaceOrientations_iPad = "UIInterfaceOrientationPortrait UIInterfaceOrientationPortraitUpsideDown UIInterfaceOrientationLandscapeLeft UIInterfaceOrientationLandscapeRight";
				INFOPLIST_KEY_UISupportedInterfaceOrientations_iPhone = "UIInterfaceOrientationPortrait UIInterfaceOrientationLandscapeLeft UIInterfaceOrientationLandscapeRight";
				LD_RUNPATH_SEARCH_PATHS = (
					"$(inherited)",
					"@executable_path/Frameworks",
				);
				MARKETING_VERSION = 1.0;
				PRODUCT_BUNDLE_IDENTIFIER = "cfarls.Pocket-Golf";
				PRODUCT_NAME = "$(TARGET_NAME)";
				SWIFT_EMIT_LOC_STRINGS = YES;
				SWIFT_VERSION = 5.0;
				TARGETED_DEVICE_FAMILY = "1,2";
			};
			name = Debug;
		};
		16A742862DEFBD0D00229A92 /* Release */ = {
			isa = XCBuildConfiguration;
			buildSettings = {
				ASSETCATALOG_COMPILER_APPICON_NAME = AppIcon;
				ASSETCATALOG_COMPILER_GLOBAL_ACCENT_COLOR_NAME = AccentColor;
				CODE_SIGN_STYLE = Automatic;
				CURRENT_PROJECT_VERSION = 1;
				DEVELOPMENT_TEAM = YMUJPK57A8;
				GENERATE_INFOPLIST_FILE = YES;
				INFOPLIST_KEY_UIApplicationSupportsIndirectInputEvents = YES;
				INFOPLIST_KEY_UILaunchStoryboardName = LaunchScreen;
				INFOPLIST_KEY_UIMainStoryboardFile = Main;
				INFOPLIST_KEY_UIStatusBarHidden = YES;
				INFOPLIST_KEY_UISupportedInterfaceOrientations_iPad = "UIInterfaceOrientationPortrait UIInterfaceOrientationPortraitUpsideDown UIInterfaceOrientationLandscapeLeft UIInterfaceOrientationLandscapeRight";
				INFOPLIST_KEY_UISupportedInterfaceOrientations_iPhone = "UIInterfaceOrientationPortrait UIInterfaceOrientationLandscapeLeft UIInterfaceOrientationLandscapeRight";
				LD_RUNPATH_SEARCH_PATHS = (
					"$(inherited)",
					"@executable_path/Frameworks",
				);
				MARKETING_VERSION = 1.0;
				PRODUCT_BUNDLE_IDENTIFIER = "cfarls.Pocket-Golf";
				PRODUCT_NAME = "$(TARGET_NAME)";
				SWIFT_EMIT_LOC_STRINGS = YES;
				SWIFT_VERSION = 5.0;
				TARGETED_DEVICE_FAMILY = "1,2";
			};
			name = Release;
		};
		16A742882DEFBD0D00229A92 /* Debug */ = {
			isa = XCBuildConfiguration;
			buildSettings = {
				BUNDLE_LOADER = "$(TEST_HOST)";
				CODE_SIGN_STYLE = Automatic;
				CURRENT_PROJECT_VERSION = 1;
				DEVELOPMENT_TEAM = YMUJPK57A8;
				GENERATE_INFOPLIST_FILE = YES;
				IPHONEOS_DEPLOYMENT_TARGET = 18.5;
				MARKETING_VERSION = 1.0;
				PRODUCT_BUNDLE_IDENTIFIER = "cfarls.Pocket-GolfTests";
				PRODUCT_NAME = "$(TARGET_NAME)";
				SWIFT_EMIT_LOC_STRINGS = NO;
				SWIFT_VERSION = 5.0;
				TARGETED_DEVICE_FAMILY = "1,2";
				TEST_HOST = "$(BUILT_PRODUCTS_DIR)/Pocket Golf.app/$(BUNDLE_EXECUTABLE_FOLDER_PATH)/Pocket Golf";
			};
			name = Debug;
		};
		16A742892DEFBD0D00229A92 /* Release */ = {
			isa = XCBuildConfiguration;
			buildSettings = {
				BUNDLE_LOADER = "$(TEST_HOST)";
				CODE_SIGN_STYLE = Automatic;
				CURRENT_PROJECT_VERSION = 1;
				DEVELOPMENT_TEAM = YMUJPK57A8;
				GENERATE_INFOPLIST_FILE = YES;
				IPHONEOS_DEPLOYMENT_TARGET = 18.5;
				MARKETING_VERSION = 1.0;
				PRODUCT_BUNDLE_IDENTIFIER = "cfarls.Pocket-GolfTests";
				PRODUCT_NAME = "$(TARGET_NAME)";
				SWIFT_EMIT_LOC_STRINGS = NO;
				SWIFT_VERSION = 5.0;
				TARGETED_DEVICE_FAMILY = "1,2";
				TEST_HOST = "$(BUILT_PRODUCTS_DIR)/Pocket Golf.app/$(BUNDLE_EXECUTABLE_FOLDER_PATH)/Pocket Golf";
			};
			name = Release;
		};
		16A7428B2DEFBD0D00229A92 /* Debug */ = {
			isa = XCBuildConfiguration;
			buildSettings = {
				CODE_SIGN_STYLE = Automatic;
				CURRENT_PROJECT_VERSION = 1;
				DEVELOPMENT_TEAM = YMUJPK57A8;
				GENERATE_INFOPLIST_FILE = YES;
				MARKETING_VERSION = 1.0;
				PRODUCT_BUNDLE_IDENTIFIER = "cfarls.Pocket-GolfUITests";
				PRODUCT_NAME = "$(TARGET_NAME)";
				SWIFT_EMIT_LOC_STRINGS = NO;
				SWIFT_VERSION = 5.0;
				TARGETED_DEVICE_FAMILY = "1,2";
				TEST_TARGET_NAME = "Pocket Golf";
			};
			name = Debug;
		};
		16A7428C2DEFBD0D00229A92 /* Release */ = {
			isa = XCBuildConfiguration;
			buildSettings = {
				CODE_SIGN_STYLE = Automatic;
				CURRENT_PROJECT_VERSION = 1;
				DEVELOPMENT_TEAM = YMUJPK57A8;
				GENERATE_INFOPLIST_FILE = YES;
				MARKETING_VERSION = 1.0;
				PRODUCT_BUNDLE_IDENTIFIER = "cfarls.Pocket-GolfUITests";
				PRODUCT_NAME = "$(TARGET_NAME)";
				SWIFT_EMIT_LOC_STRINGS = NO;
				SWIFT_VERSION = 5.0;
				TARGETED_DEVICE_FAMILY = "1,2";
				TEST_TARGET_NAME = "Pocket Golf";
			};
			name = Release;
		};
/* End XCBuildConfiguration section */

/* Begin XCConfigurationList section */
		16A742522DEFBD0C00229A92 /* Build configuration list for PBXProject "Pocket Golf" */ = {
			isa = XCConfigurationList;
			buildConfigurations = (
				16A742822DEFBD0D00229A92 /* Debug */,
				16A742832DEFBD0D00229A92 /* Release */,
			);
			defaultConfigurationIsVisible = 0;
			defaultConfigurationName = Release;
		};
		16A742842DEFBD0D00229A92 /* Build configuration list for PBXNativeTarget "Pocket Golf" */ = {
			isa = XCConfigurationList;
			buildConfigurations = (
				16A742852DEFBD0D00229A92 /* Debug */,
				16A742862DEFBD0D00229A92 /* Release */,
			);
			defaultConfigurationIsVisible = 0;
			defaultConfigurationName = Release;
		};
		16A742872DEFBD0D00229A92 /* Build configuration list for PBXNativeTarget "Pocket GolfTests" */ = {
			isa = XCConfigurationList;
			buildConfigurations = (
				16A742882DEFBD0D00229A92 /* Debug */,
				16A742892DEFBD0D00229A92 /* Release */,
			);
			defaultConfigurationIsVisible = 0;
			defaultConfigurationName = Release;
		};
		16A7428A2DEFBD0D00229A92 /* Build configuration list for PBXNativeTarget "Pocket GolfUITests" */ = {
			isa = XCConfigurationList;
			buildConfigurations = (
				16A7428B2DEFBD0D00229A92 /* Debug */,
				16A7428C2DEFBD0D00229A92 /* Release */,
			);
			defaultConfigurationIsVisible = 0;
			defaultConfigurationName = Release;
		};
/* End XCConfigurationList section */
	};
	rootObject = 16A7424F2DEFBD0C00229A92 /* Project object */;
}
